// !$*UTF8*$!
{
	archiveVersion = 1;
	classes = {
	};
	objectVersion = 63;
	objects = {

/* Begin PBXBuildFile section */
		AD0F694C2D76396C000CF5FB /* AlertController.swift in Sources */ = {isa = PBXBuildFile; fileRef = AD0F694B2D763966000CF5FB /* AlertController.swift */; };
		AD0F694F2D76493B000CF5FB /* LaunchAssembly.swift in Sources */ = {isa = PBXBuildFile; fileRef = AD0F694E2D764934000CF5FB /* LaunchAssembly.swift */; };
		AD0F69512D766119000CF5FB /* OnboardingCoordinator.swift in Sources */ = {isa = PBXBuildFile; fileRef = AD0F69502D766111000CF5FB /* OnboardingCoordinator.swift */; };
		AD0F69542D766159000CF5FB /* OnboardingAssembly.swift in Sources */ = {isa = PBXBuildFile; fileRef = AD0F69532D766153000CF5FB /* OnboardingAssembly.swift */; };
		AD0F69562D76618A000CF5FB /* OnboardingView.swift in Sources */ = {isa = PBXBuildFile; fileRef = AD0F69552D766182000CF5FB /* OnboardingView.swift */; };
		AD0F69582D7667BC000CF5FB /* AuthCoordinator.swift in Sources */ = {isa = PBXBuildFile; fileRef = AD0F69572D7667B2000CF5FB /* AuthCoordinator.swift */; };
		AD0F695B2D76686C000CF5FB /* AuthAssembly.swift in Sources */ = {isa = PBXBuildFile; fileRef = AD0F695A2D766860000CF5FB /* AuthAssembly.swift */; };
		AD0F695F2D766944000CF5FB /* SignUpView.swift in Sources */ = {isa = PBXBuildFile; fileRef = AD0F695E2D766941000CF5FB /* SignUpView.swift */; };
		AD0F69612D76694B000CF5FB /* LoginView.swift in Sources */ = {isa = PBXBuildFile; fileRef = AD0F69602D766947000CF5FB /* LoginView.swift */; };
		AD0F69632D7669A6000CF5FB /* SignUpAssembly.swift in Sources */ = {isa = PBXBuildFile; fileRef = AD0F69622D76699F000CF5FB /* SignUpAssembly.swift */; };
		AD0F69652D7669B5000CF5FB /* LoginAssembly.swift in Sources */ = {isa = PBXBuildFile; fileRef = AD0F69642D7669AB000CF5FB /* LoginAssembly.swift */; };
		AD0F69682D766B8C000CF5FB /* StartView.swift in Sources */ = {isa = PBXBuildFile; fileRef = AD0F69672D766B84000CF5FB /* StartView.swift */; };
		AD0F696A2D7676FA000CF5FB /* MainCoordinator.swift in Sources */ = {isa = PBXBuildFile; fileRef = AD0F69692D7676F3000CF5FB /* MainCoordinator.swift */; };
		AD0F696D2D7677A3000CF5FB /* HomeView.swift in Sources */ = {isa = PBXBuildFile; fileRef = AD0F696C2D7677A0000CF5FB /* HomeView.swift */; };
		AD0F696F2D7679DB000CF5FB /* LoginViewModel.swift in Sources */ = {isa = PBXBuildFile; fileRef = AD0F696E2D7679D4000CF5FB /* LoginViewModel.swift */; };
		AD0F69712D767AA8000CF5FB /* SignUpViewModel.swift in Sources */ = {isa = PBXBuildFile; fileRef = AD0F69702D767AA1000CF5FB /* SignUpViewModel.swift */; };
		AD0F69732D767BA9000CF5FB /* AuthService.swift in Sources */ = {isa = PBXBuildFile; fileRef = AD0F69722D767BA4000CF5FB /* AuthService.swift */; };
		AD0F69752D768300000CF5FB /* HomeAssembly.swift in Sources */ = {isa = PBXBuildFile; fileRef = AD0F69742D7682FB000CF5FB /* HomeAssembly.swift */; };
		AD0F69772D76838A000CF5FB /* HomeViewModel.swift in Sources */ = {isa = PBXBuildFile; fileRef = AD0F69762D768385000CF5FB /* HomeViewModel.swift */; };
		AD0F697A2D76D0DF000CF5FB /* CustomButtonView.swift in Sources */ = {isa = PBXBuildFile; fileRef = AD0F69792D76D0D7000CF5FB /* CustomButtonView.swift */; };
		AD8680962D74C1C1004C6D13 /* ContentView.swift in Sources */ = {isa = PBXBuildFile; fileRef = AD8680932D74C1C1004C6D13 /* ContentView.swift */; };
		AD8680972D74C1C1004C6D13 /* ShoppeApp.swift in Sources */ = {isa = PBXBuildFile; fileRef = AD8680942D74C1C1004C6D13 /* ShoppeApp.swift */; };
		AD8680982D74C1C1004C6D13 /* Preview Assets.xcassets in Resources */ = {isa = PBXBuildFile; fileRef = AD8680902D74C1C1004C6D13 /* Preview Assets.xcassets */; };
		AD8680992D74C1C1004C6D13 /* Assets.xcassets in Resources */ = {isa = PBXBuildFile; fileRef = AD8680922D74C1C1004C6D13 /* Assets.xcassets */; };
		AD8680A22D751C7E004C6D13 /* Font.swift in Sources */ = {isa = PBXBuildFile; fileRef = AD8680A12D751C78004C6D13 /* Font.swift */; };
		AD8680D22D751DB2004C6D13 /* Raleway-Light.ttf in Resources */ = {isa = PBXBuildFile; fileRef = AD8680D12D751DB2004C6D13 /* Raleway-Light.ttf */; };
		AD8680D42D751DCA004C6D13 /* Raleway-Bold.ttf in Resources */ = {isa = PBXBuildFile; fileRef = AD8680D32D751DCA004C6D13 /* Raleway-Bold.ttf */; };
		AD8680D62D751DD6004C6D13 /* Raleway-Medium.ttf in Resources */ = {isa = PBXBuildFile; fileRef = AD8680D52D751DD6004C6D13 /* Raleway-Medium.ttf */; };
		AD8680D82D751E28004C6D13 /* Raleway-ExtraBold.ttf in Resources */ = {isa = PBXBuildFile; fileRef = AD8680D72D751E28004C6D13 /* Raleway-ExtraBold.ttf */; };
		AD8680DA2D751E90004C6D13 /* Raleway-Regular.ttf in Resources */ = {isa = PBXBuildFile; fileRef = AD8680D92D751E90004C6D13 /* Raleway-Regular.ttf */; };
		AD8680E12D7520A6004C6D13 /* Poppins-Medium.ttf in Resources */ = {isa = PBXBuildFile; fileRef = AD8680E02D7520A6004C6D13 /* Poppins-Medium.ttf */; };
		AD8680F22D752843004C6D13 /* Inter-VariableFont_opsz,wght.ttf in Resources */ = {isa = PBXBuildFile; fileRef = AD8680F12D752843004C6D13 /* Inter-VariableFont_opsz,wght.ttf */; };
		AD8680F42D7528C9004C6D13 /* NunitoSans-VariableFont_YTLC,opsz,wdth,wght.ttf in Resources */ = {isa = PBXBuildFile; fileRef = AD8680F32D7528C9004C6D13 /* NunitoSans-VariableFont_YTLC,opsz,wdth,wght.ttf */; };
		ADAB308D2D753B8900D47FFD /* AppCoordinator.swift in Sources */ = {isa = PBXBuildFile; fileRef = ADAB308C2D753B7900D47FFD /* AppCoordinator.swift */; };
		ADAB308F2D753C2700D47FFD /* Coordinator.swift in Sources */ = {isa = PBXBuildFile; fileRef = ADAB308E2D753C2100D47FFD /* Coordinator.swift */; };
		ADAB30922D753D9900D47FFD /* LaunchCoordinator.swift in Sources */ = {isa = PBXBuildFile; fileRef = ADAB30912D753D8F00D47FFD /* LaunchCoordinator.swift */; };
		ADAB30952D753EBE00D47FFD /* Dependencies.swift in Sources */ = {isa = PBXBuildFile; fileRef = ADAB30942D753EB000D47FFD /* Dependencies.swift */; };
		ADAB30972D753FB700D47FFD /* HTTPClient.swift in Sources */ = {isa = PBXBuildFile; fileRef = ADAB30962D753FB300D47FFD /* HTTPClient.swift */; };
		ADAB309A2D7540EA00D47FFD /* CombineMoya in Frameworks */ = {isa = PBXBuildFile; productRef = ADAB30992D7540EA00D47FFD /* CombineMoya */; };
		ADAB309C2D7540EA00D47FFD /* Moya in Frameworks */ = {isa = PBXBuildFile; productRef = ADAB309B2D7540EA00D47FFD /* Moya */; };
		ADAB309E2D7540EA00D47FFD /* ReactiveMoya in Frameworks */ = {isa = PBXBuildFile; productRef = ADAB309D2D7540EA00D47FFD /* ReactiveMoya */; };
		ADAB30A02D7540EA00D47FFD /* RxMoya in Frameworks */ = {isa = PBXBuildFile; productRef = ADAB309F2D7540EA00D47FFD /* RxMoya */; };
		ADAB30A32D7541A900D47FFD /* ShoppeEndpoint.swift in Sources */ = {isa = PBXBuildFile; fileRef = ADAB30A22D75419E00D47FFD /* ShoppeEndpoint.swift */; };
		ADAB30A52D75481A00D47FFD /* ModuleContainer.swift in Sources */ = {isa = PBXBuildFile; fileRef = ADAB30A42D75481400D47FFD /* ModuleContainer.swift */; };
		ADAB30A82D75681800D47FFD /* LaunchView.swift in Sources */ = {isa = PBXBuildFile; fileRef = ADAB30A72D75681300D47FFD /* LaunchView.swift */; };
		ADAB30AA2D75793500D47FFD /* UserDefaultsRepository.swift in Sources */ = {isa = PBXBuildFile; fileRef = ADAB30A92D75792300D47FFD /* UserDefaultsRepository.swift */; };
		ADAB30AC2D757A0700D47FFD /* Constants.swift in Sources */ = {isa = PBXBuildFile; fileRef = ADAB30AB2D7579FF00D47FFD /* Constants.swift */; };
		ADAB30AF2D757DD900D47FFD /* Response.swift in Sources */ = {isa = PBXBuildFile; fileRef = ADAB30AE2D757DD100D47FFD /* Response.swift */; };
		ADAB30B12D757E0A00D47FFD /* HTTPError.swift in Sources */ = {isa = PBXBuildFile; fileRef = ADAB30B02D757E0400D47FFD /* HTTPError.swift */; };
		ADD354602D77428A0041449D /* CoordinatorView.swift in Sources */ = {isa = PBXBuildFile; fileRef = ADD3545F2D77427D0041449D /* CoordinatorView.swift */; };
		ADD726E42D752CB500B51792 /* Raleway-SemiBold.ttf in Resources */ = {isa = PBXBuildFile; fileRef = ADD726E32D752CB500B51792 /* Raleway-SemiBold.ttf */; };
		ADD726E72D752ED500B51792 /* Poppins-Bold.ttf in Resources */ = {isa = PBXBuildFile; fileRef = ADD726E62D752ED500B51792 /* Poppins-Bold.ttf */; };
		ADD726E92D752EEB00B51792 /* Poppins-SemiBold.ttf in Resources */ = {isa = PBXBuildFile; fileRef = ADD726E82D752EEB00B51792 /* Poppins-SemiBold.ttf */; };
		ADD726EB2D752EFF00B51792 /* Poppins-Light.ttf in Resources */ = {isa = PBXBuildFile; fileRef = ADD726EA2D752EFF00B51792 /* Poppins-Light.ttf */; };
		ADD726ED2D752F0A00B51792 /* Poppins-Regular.ttf in Resources */ = {isa = PBXBuildFile; fileRef = ADD726EC2D752F0A00B51792 /* Poppins-Regular.ttf */; };
		ADD726EF2D752F1600B51792 /* Poppins-ExtraBold.ttf in Resources */ = {isa = PBXBuildFile; fileRef = ADD726EE2D752F1600B51792 /* Poppins-ExtraBold.ttf */; };
		B50604F22D75DDFF00AA0F4D /* SearchResultsView.swift in Sources */ = {isa = PBXBuildFile; fileRef = B50604F12D75DDFF00AA0F4D /* SearchResultsView.swift */; };
		B506056F2D76139600AA0F4D /* BottomNavigationBar.swift in Sources */ = {isa = PBXBuildFile; fileRef = B506056E2D76139600AA0F4D /* BottomNavigationBar.swift */; };
		B50605712D76142F00AA0F4D /* CustomCardView.swift in Sources */ = {isa = PBXBuildFile; fileRef = B50605702D76142F00AA0F4D /* CustomCardView.swift */; };
/* End PBXBuildFile section */

/* Begin PBXFileReference section */
		AD0F694B2D763966000CF5FB /* AlertController.swift */ = {isa = PBXFileReference; lastKnownFileType = sourcecode.swift; path = AlertController.swift; sourceTree = "<group>"; };
		AD0F694E2D764934000CF5FB /* LaunchAssembly.swift */ = {isa = PBXFileReference; lastKnownFileType = sourcecode.swift; path = LaunchAssembly.swift; sourceTree = "<group>"; };
		AD0F69502D766111000CF5FB /* OnboardingCoordinator.swift */ = {isa = PBXFileReference; lastKnownFileType = sourcecode.swift; path = OnboardingCoordinator.swift; sourceTree = "<group>"; };
		AD0F69532D766153000CF5FB /* OnboardingAssembly.swift */ = {isa = PBXFileReference; lastKnownFileType = sourcecode.swift; path = OnboardingAssembly.swift; sourceTree = "<group>"; };
		AD0F69552D766182000CF5FB /* OnboardingView.swift */ = {isa = PBXFileReference; lastKnownFileType = sourcecode.swift; path = OnboardingView.swift; sourceTree = "<group>"; };
		AD0F69572D7667B2000CF5FB /* AuthCoordinator.swift */ = {isa = PBXFileReference; lastKnownFileType = sourcecode.swift; path = AuthCoordinator.swift; sourceTree = "<group>"; };
		AD0F695A2D766860000CF5FB /* AuthAssembly.swift */ = {isa = PBXFileReference; lastKnownFileType = sourcecode.swift; path = AuthAssembly.swift; sourceTree = "<group>"; };
		AD0F695E2D766941000CF5FB /* SignUpView.swift */ = {isa = PBXFileReference; lastKnownFileType = sourcecode.swift; path = SignUpView.swift; sourceTree = "<group>"; };
		AD0F69602D766947000CF5FB /* LoginView.swift */ = {isa = PBXFileReference; lastKnownFileType = sourcecode.swift; path = LoginView.swift; sourceTree = "<group>"; };
		AD0F69622D76699F000CF5FB /* SignUpAssembly.swift */ = {isa = PBXFileReference; lastKnownFileType = sourcecode.swift; path = SignUpAssembly.swift; sourceTree = "<group>"; };
		AD0F69642D7669AB000CF5FB /* LoginAssembly.swift */ = {isa = PBXFileReference; lastKnownFileType = sourcecode.swift; path = LoginAssembly.swift; sourceTree = "<group>"; };
		AD0F69672D766B84000CF5FB /* StartView.swift */ = {isa = PBXFileReference; lastKnownFileType = sourcecode.swift; path = StartView.swift; sourceTree = "<group>"; };
		AD0F69692D7676F3000CF5FB /* MainCoordinator.swift */ = {isa = PBXFileReference; lastKnownFileType = sourcecode.swift; path = MainCoordinator.swift; sourceTree = "<group>"; };
		AD0F696C2D7677A0000CF5FB /* HomeView.swift */ = {isa = PBXFileReference; lastKnownFileType = sourcecode.swift; path = HomeView.swift; sourceTree = "<group>"; };
		AD0F696E2D7679D4000CF5FB /* LoginViewModel.swift */ = {isa = PBXFileReference; lastKnownFileType = sourcecode.swift; path = LoginViewModel.swift; sourceTree = "<group>"; };
		AD0F69702D767AA1000CF5FB /* SignUpViewModel.swift */ = {isa = PBXFileReference; lastKnownFileType = sourcecode.swift; path = SignUpViewModel.swift; sourceTree = "<group>"; };
		AD0F69722D767BA4000CF5FB /* AuthService.swift */ = {isa = PBXFileReference; lastKnownFileType = sourcecode.swift; path = AuthService.swift; sourceTree = "<group>"; };
		AD0F69742D7682FB000CF5FB /* HomeAssembly.swift */ = {isa = PBXFileReference; lastKnownFileType = sourcecode.swift; path = HomeAssembly.swift; sourceTree = "<group>"; };
		AD0F69762D768385000CF5FB /* HomeViewModel.swift */ = {isa = PBXFileReference; lastKnownFileType = sourcecode.swift; path = HomeViewModel.swift; sourceTree = "<group>"; };
		AD0F69792D76D0D7000CF5FB /* CustomButtonView.swift */ = {isa = PBXFileReference; lastKnownFileType = sourcecode.swift; path = CustomButtonView.swift; sourceTree = "<group>"; };
		AD86807F2D74C1AF004C6D13 /* Shoppe.app */ = {isa = PBXFileReference; explicitFileType = wrapper.application; includeInIndex = 0; path = Shoppe.app; sourceTree = BUILT_PRODUCTS_DIR; };
		AD8680902D74C1C1004C6D13 /* Preview Assets.xcassets */ = {isa = PBXFileReference; lastKnownFileType = folder.assetcatalog; path = "Preview Assets.xcassets"; sourceTree = "<group>"; };
		AD8680922D74C1C1004C6D13 /* Assets.xcassets */ = {isa = PBXFileReference; lastKnownFileType = folder.assetcatalog; path = Assets.xcassets; sourceTree = "<group>"; };
		AD8680932D74C1C1004C6D13 /* ContentView.swift */ = {isa = PBXFileReference; lastKnownFileType = sourcecode.swift; path = ContentView.swift; sourceTree = "<group>"; };
		AD8680942D74C1C1004C6D13 /* ShoppeApp.swift */ = {isa = PBXFileReference; lastKnownFileType = sourcecode.swift; path = ShoppeApp.swift; sourceTree = "<group>"; };
		AD8680A12D751C78004C6D13 /* Font.swift */ = {isa = PBXFileReference; lastKnownFileType = sourcecode.swift; path = Font.swift; sourceTree = "<group>"; };
		AD8680D12D751DB2004C6D13 /* Raleway-Light.ttf */ = {isa = PBXFileReference; lastKnownFileType = file; path = "Raleway-Light.ttf"; sourceTree = "<group>"; };
		AD8680D32D751DCA004C6D13 /* Raleway-Bold.ttf */ = {isa = PBXFileReference; lastKnownFileType = file; path = "Raleway-Bold.ttf"; sourceTree = "<group>"; };
		AD8680D52D751DD6004C6D13 /* Raleway-Medium.ttf */ = {isa = PBXFileReference; lastKnownFileType = file; path = "Raleway-Medium.ttf"; sourceTree = "<group>"; };
		AD8680D72D751E28004C6D13 /* Raleway-ExtraBold.ttf */ = {isa = PBXFileReference; lastKnownFileType = file; path = "Raleway-ExtraBold.ttf"; sourceTree = "<group>"; };
		AD8680D92D751E90004C6D13 /* Raleway-Regular.ttf */ = {isa = PBXFileReference; lastKnownFileType = file; path = "Raleway-Regular.ttf"; sourceTree = "<group>"; };
		AD8680E02D7520A6004C6D13 /* Poppins-Medium.ttf */ = {isa = PBXFileReference; lastKnownFileType = file; path = "Poppins-Medium.ttf"; sourceTree = "<group>"; };
		AD8680F02D75259E004C6D13 /* Info.plist */ = {isa = PBXFileReference; lastKnownFileType = text.plist; path = Info.plist; sourceTree = "<group>"; };
		AD8680F12D752843004C6D13 /* Inter-VariableFont_opsz,wght.ttf */ = {isa = PBXFileReference; lastKnownFileType = file; path = "Inter-VariableFont_opsz,wght.ttf"; sourceTree = "<group>"; };
		AD8680F32D7528C9004C6D13 /* NunitoSans-VariableFont_YTLC,opsz,wdth,wght.ttf */ = {isa = PBXFileReference; lastKnownFileType = file; path = "NunitoSans-VariableFont_YTLC,opsz,wdth,wght.ttf"; sourceTree = "<group>"; };
		ADAB308C2D753B7900D47FFD /* AppCoordinator.swift */ = {isa = PBXFileReference; lastKnownFileType = sourcecode.swift; path = AppCoordinator.swift; sourceTree = "<group>"; };
		ADAB308E2D753C2100D47FFD /* Coordinator.swift */ = {isa = PBXFileReference; lastKnownFileType = sourcecode.swift; path = Coordinator.swift; sourceTree = "<group>"; };
		ADAB30912D753D8F00D47FFD /* LaunchCoordinator.swift */ = {isa = PBXFileReference; lastKnownFileType = sourcecode.swift; path = LaunchCoordinator.swift; sourceTree = "<group>"; };
		ADAB30942D753EB000D47FFD /* Dependencies.swift */ = {isa = PBXFileReference; lastKnownFileType = sourcecode.swift; path = Dependencies.swift; sourceTree = "<group>"; };
		ADAB30962D753FB300D47FFD /* HTTPClient.swift */ = {isa = PBXFileReference; lastKnownFileType = sourcecode.swift; path = HTTPClient.swift; sourceTree = "<group>"; };
		ADAB30A22D75419E00D47FFD /* ShoppeEndpoint.swift */ = {isa = PBXFileReference; lastKnownFileType = sourcecode.swift; path = ShoppeEndpoint.swift; sourceTree = "<group>"; };
		ADAB30A42D75481400D47FFD /* ModuleContainer.swift */ = {isa = PBXFileReference; lastKnownFileType = sourcecode.swift; path = ModuleContainer.swift; sourceTree = "<group>"; };
		ADAB30A72D75681300D47FFD /* LaunchView.swift */ = {isa = PBXFileReference; lastKnownFileType = sourcecode.swift; path = LaunchView.swift; sourceTree = "<group>"; };
		ADAB30A92D75792300D47FFD /* UserDefaultsRepository.swift */ = {isa = PBXFileReference; lastKnownFileType = sourcecode.swift; path = UserDefaultsRepository.swift; sourceTree = "<group>"; };
		ADAB30AB2D7579FF00D47FFD /* Constants.swift */ = {isa = PBXFileReference; lastKnownFileType = sourcecode.swift; path = Constants.swift; sourceTree = "<group>"; };
		ADAB30AE2D757DD100D47FFD /* Response.swift */ = {isa = PBXFileReference; lastKnownFileType = sourcecode.swift; path = Response.swift; sourceTree = "<group>"; };
		ADAB30B02D757E0400D47FFD /* HTTPError.swift */ = {isa = PBXFileReference; lastKnownFileType = sourcecode.swift; path = HTTPError.swift; sourceTree = "<group>"; };
		ADD3545F2D77427D0041449D /* CoordinatorView.swift */ = {isa = PBXFileReference; lastKnownFileType = sourcecode.swift; path = CoordinatorView.swift; sourceTree = "<group>"; };
		ADD726E32D752CB500B51792 /* Raleway-SemiBold.ttf */ = {isa = PBXFileReference; lastKnownFileType = file; path = "Raleway-SemiBold.ttf"; sourceTree = "<group>"; };
		ADD726E62D752ED500B51792 /* Poppins-Bold.ttf */ = {isa = PBXFileReference; lastKnownFileType = file; path = "Poppins-Bold.ttf"; sourceTree = "<group>"; };
		ADD726E82D752EEB00B51792 /* Poppins-SemiBold.ttf */ = {isa = PBXFileReference; lastKnownFileType = file; path = "Poppins-SemiBold.ttf"; sourceTree = "<group>"; };
		ADD726EA2D752EFF00B51792 /* Poppins-Light.ttf */ = {isa = PBXFileReference; lastKnownFileType = file; path = "Poppins-Light.ttf"; sourceTree = "<group>"; };
		ADD726EC2D752F0A00B51792 /* Poppins-Regular.ttf */ = {isa = PBXFileReference; lastKnownFileType = file; path = "Poppins-Regular.ttf"; sourceTree = "<group>"; };
		ADD726EE2D752F1600B51792 /* Poppins-ExtraBold.ttf */ = {isa = PBXFileReference; lastKnownFileType = file; path = "Poppins-ExtraBold.ttf"; sourceTree = "<group>"; };
		B50604F12D75DDFF00AA0F4D /* SearchResultsView.swift */ = {isa = PBXFileReference; lastKnownFileType = sourcecode.swift; path = SearchResultsView.swift; sourceTree = "<group>"; };
		B506056E2D76139600AA0F4D /* BottomNavigationBar.swift */ = {isa = PBXFileReference; lastKnownFileType = sourcecode.swift; path = BottomNavigationBar.swift; sourceTree = "<group>"; };
		B50605702D76142F00AA0F4D /* CustomCardView.swift */ = {isa = PBXFileReference; lastKnownFileType = sourcecode.swift; path = CustomCardView.swift; sourceTree = "<group>"; };
/* End PBXFileReference section */

/* Begin PBXFrameworksBuildPhase section */
		AD86807C2D74C1AF004C6D13 /* Frameworks */ = {
			isa = PBXFrameworksBuildPhase;
			buildActionMask = 2147483647;
			files = (
				ADAB309C2D7540EA00D47FFD /* Moya in Frameworks */,
				ADAB309A2D7540EA00D47FFD /* CombineMoya in Frameworks */,
				ADAB30A02D7540EA00D47FFD /* RxMoya in Frameworks */,
				ADAB309E2D7540EA00D47FFD /* ReactiveMoya in Frameworks */,
			);
			runOnlyForDeploymentPostprocessing = 0;
		};
/* End PBXFrameworksBuildPhase section */

/* Begin PBXGroup section */
		AD0F69522D766142000CF5FB /* OnboardingView */ = {
			isa = PBXGroup;
			children = (
				AD0F69552D766182000CF5FB /* OnboardingView.swift */,
				AD0F69532D766153000CF5FB /* OnboardingAssembly.swift */,
			);
			path = OnboardingView;
			sourceTree = "<group>";
		};
		AD0F69592D76684A000CF5FB /* AuthView */ = {
			isa = PBXGroup;
			children = (
				AD0F695D2D766937000CF5FB /* SignUpView */,
				AD0F695C2D76692D000CF5FB /* LogInView */,
				AD0F695A2D766860000CF5FB /* AuthAssembly.swift */,
			);
			path = AuthView;
			sourceTree = "<group>";
		};
		AD0F695C2D76692D000CF5FB /* LogInView */ = {
			isa = PBXGroup;
			children = (
				AD0F696E2D7679D4000CF5FB /* LoginViewModel.swift */,
				AD0F69642D7669AB000CF5FB /* LoginAssembly.swift */,
				AD0F69602D766947000CF5FB /* LoginView.swift */,
			);
			path = LogInView;
			sourceTree = "<group>";
		};
		AD0F695D2D766937000CF5FB /* SignUpView */ = {
			isa = PBXGroup;
			children = (
				AD0F69702D767AA1000CF5FB /* SignUpViewModel.swift */,
				AD0F69622D76699F000CF5FB /* SignUpAssembly.swift */,
				AD0F695E2D766941000CF5FB /* SignUpView.swift */,
			);
			path = SignUpView;
			sourceTree = "<group>";
		};
		AD0F69662D766B7C000CF5FB /* StartView */ = {
			isa = PBXGroup;
			children = (
				AD0F69672D766B84000CF5FB /* StartView.swift */,
			);
			path = StartView;
			sourceTree = "<group>";
		};
		AD0F696B2D767797000CF5FB /* HomeView */ = {
			isa = PBXGroup;
			children = (
				AD0F69762D768385000CF5FB /* HomeViewModel.swift */,
				AD0F69742D7682FB000CF5FB /* HomeAssembly.swift */,
				AD0F696C2D7677A0000CF5FB /* HomeView.swift */,
			);
			path = HomeView;
			sourceTree = "<group>";
		};
		AD0F69782D76D0CB000CF5FB /* CustomButtonView */ = {
			isa = PBXGroup;
			children = (
				AD0F69792D76D0D7000CF5FB /* CustomButtonView.swift */,
			);
			path = CustomButtonView;
			sourceTree = "<group>";
		};
		AD8680762D74C1AF004C6D13 = {
			isa = PBXGroup;
			children = (
				AD8680952D74C1C1004C6D13 /* Shoppe */,
				AD8680802D74C1AF004C6D13 /* Products */,
			);
			sourceTree = "<group>";
		};
		AD8680802D74C1AF004C6D13 /* Products */ = {
			isa = PBXGroup;
			children = (
				AD86807F2D74C1AF004C6D13 /* Shoppe.app */,
			);
			name = Products;
			sourceTree = "<group>";
		};
		AD8680912D74C1C1004C6D13 /* Preview Content */ = {
			isa = PBXGroup;
			children = (
				AD8680902D74C1C1004C6D13 /* Preview Assets.xcassets */,
			);
			path = "Preview Content";
			sourceTree = "<group>";
		};
		AD8680952D74C1C1004C6D13 /* Shoppe */ = {
			isa = PBXGroup;
			children = (
				AD8680F02D75259E004C6D13 /* Info.plist */,
				AD86809B2D74C29C004C6D13 /* App */,
				AD8680932D74C1C1004C6D13 /* ContentView.swift */,
				ADD726F02D75328C00B51792 /* AppCoordinator */,
				ADAB30902D753D6900D47FFD /* Dependency */,
				ADAB30A12D75413100D47FFD /* EndPoint */,
				ADAB30932D753E7F00D47FFD /* Utility */,
				AD86809E2D74C5AF004C6D13 /* Models */,
				AD86809D2D74C5A4004C6D13 /* Services */,
				AD86809C2D74C599004C6D13 /* Views */,
				ADAB30AD2D757D8E00D47FFD /* Errors */,
				AD86809A2D74C1DB004C6D13 /* Resources */,
				AD8680912D74C1C1004C6D13 /* Preview Content */,
			);
			path = Shoppe;
			sourceTree = "<group>";
		};
		AD86809A2D74C1DB004C6D13 /* Resources */ = {
			isa = PBXGroup;
			children = (
				ADAB30AB2D7579FF00D47FFD /* Constants.swift */,
				ADD726E52D752EB900B51792 /* Poppins */,
				AD8680E72D75234E004C6D13 /* Inter */,
				AD8680E22D7520AB004C6D13 /* RalewayFont */,
				AD8680DB2D751F49004C6D13 /* NunitoSansFont */,
				AD8680A12D751C78004C6D13 /* Font.swift */,
				AD8680922D74C1C1004C6D13 /* Assets.xcassets */,
			);
			path = Resources;
			sourceTree = "<group>";
		};
		AD86809B2D74C29C004C6D13 /* App */ = {
			isa = PBXGroup;
			children = (
				AD8680942D74C1C1004C6D13 /* ShoppeApp.swift */,
			);
			path = App;
			sourceTree = "<group>";
		};
		AD86809C2D74C599004C6D13 /* Views */ = {
			isa = PBXGroup;
			children = (
				ADD3545E2D7742740041449D /* CoordinatorView */,
				AD0F696B2D767797000CF5FB /* HomeView */,
				AD0F69662D766B7C000CF5FB /* StartView */,
				AD0F69592D76684A000CF5FB /* AuthView */,
				AD0F69522D766142000CF5FB /* OnboardingView */,
				ADAB30A62D75680700D47FFD /* LaunchView */,
				AD0F69782D76D0CB000CF5FB /* CustomButtonView */,
				B50604F12D75DDFF00AA0F4D /* SearchResultsView.swift */,
				B506056E2D76139600AA0F4D /* BottomNavigationBar.swift */,
				B50605702D76142F00AA0F4D /* CustomCardView.swift */,
			);
			path = Views;
			sourceTree = "<group>";
		};
		AD86809D2D74C5A4004C6D13 /* Services */ = {
			isa = PBXGroup;
			children = (
				AD0F69722D767BA4000CF5FB /* AuthService.swift */,
				ADAB30A92D75792300D47FFD /* UserDefaultsRepository.swift */,
			);
			path = Services;
			sourceTree = "<group>";
		};
		AD86809E2D74C5AF004C6D13 /* Models */ = {
			isa = PBXGroup;
			children = (
			);
			path = Models;
			sourceTree = "<group>";
		};
		AD8680DB2D751F49004C6D13 /* NunitoSansFont */ = {
			isa = PBXGroup;
			children = (
				AD8680F32D7528C9004C6D13 /* NunitoSans-VariableFont_YTLC,opsz,wdth,wght.ttf */,
			);
			path = NunitoSansFont;
			sourceTree = "<group>";
		};
		AD8680E22D7520AB004C6D13 /* RalewayFont */ = {
			isa = PBXGroup;
			children = (
				AD8680D92D751E90004C6D13 /* Raleway-Regular.ttf */,
				AD8680D72D751E28004C6D13 /* Raleway-ExtraBold.ttf */,
				AD8680D52D751DD6004C6D13 /* Raleway-Medium.ttf */,
				AD8680D32D751DCA004C6D13 /* Raleway-Bold.ttf */,
				AD8680D12D751DB2004C6D13 /* Raleway-Light.ttf */,
				ADD726E32D752CB500B51792 /* Raleway-SemiBold.ttf */,
			);
			path = RalewayFont;
			sourceTree = "<group>";
		};
		AD8680E72D75234E004C6D13 /* Inter */ = {
			isa = PBXGroup;
			children = (
				AD8680F12D752843004C6D13 /* Inter-VariableFont_opsz,wght.ttf */,
			);
			path = Inter;
			sourceTree = "<group>";
		};
		ADAB30902D753D6900D47FFD /* Dependency */ = {
			isa = PBXGroup;
			children = (
				ADAB30942D753EB000D47FFD /* Dependencies.swift */,
				ADAB30A42D75481400D47FFD /* ModuleContainer.swift */,
			);
			path = Dependency;
			sourceTree = "<group>";
		};
		ADAB30932D753E7F00D47FFD /* Utility */ = {
			isa = PBXGroup;
			children = (
				ADAB30962D753FB300D47FFD /* HTTPClient.swift */,
				AD0F694B2D763966000CF5FB /* AlertController.swift */,
			);
			path = Utility;
			sourceTree = "<group>";
		};
		ADAB30A12D75413100D47FFD /* EndPoint */ = {
			isa = PBXGroup;
			children = (
				ADAB30A22D75419E00D47FFD /* ShoppeEndpoint.swift */,
			);
			path = EndPoint;
			sourceTree = "<group>";
		};
		ADAB30A62D75680700D47FFD /* LaunchView */ = {
			isa = PBXGroup;
			children = (
				AD0F694E2D764934000CF5FB /* LaunchAssembly.swift */,
				ADAB30A72D75681300D47FFD /* LaunchView.swift */,
			);
			path = LaunchView;
			sourceTree = "<group>";
		};
		ADAB30AD2D757D8E00D47FFD /* Errors */ = {
			isa = PBXGroup;
			children = (
				ADAB30B02D757E0400D47FFD /* HTTPError.swift */,
				ADAB30AE2D757DD100D47FFD /* Response.swift */,
			);
			path = Errors;
			sourceTree = "<group>";
		};
		ADD3545E2D7742740041449D /* CoordinatorView */ = {
			isa = PBXGroup;
			children = (
				ADD3545F2D77427D0041449D /* CoordinatorView.swift */,
			);
			path = CoordinatorView;
			sourceTree = "<group>";
		};
		ADD726E52D752EB900B51792 /* Poppins */ = {
			isa = PBXGroup;
			children = (
				AD8680E02D7520A6004C6D13 /* Poppins-Medium.ttf */,
				ADD726E62D752ED500B51792 /* Poppins-Bold.ttf */,
				ADD726E82D752EEB00B51792 /* Poppins-SemiBold.ttf */,
				ADD726EA2D752EFF00B51792 /* Poppins-Light.ttf */,
				ADD726EC2D752F0A00B51792 /* Poppins-Regular.ttf */,
				ADD726EE2D752F1600B51792 /* Poppins-ExtraBold.ttf */,
			);
			path = Poppins;
			sourceTree = "<group>";
		};
		ADD726F02D75328C00B51792 /* AppCoordinator */ = {
			isa = PBXGroup;
			children = (
				AD0F69692D7676F3000CF5FB /* MainCoordinator.swift */,
				AD0F69572D7667B2000CF5FB /* AuthCoordinator.swift */,
				AD0F69502D766111000CF5FB /* OnboardingCoordinator.swift */,
				ADAB30912D753D8F00D47FFD /* LaunchCoordinator.swift */,
				ADAB308E2D753C2100D47FFD /* Coordinator.swift */,
				ADAB308C2D753B7900D47FFD /* AppCoordinator.swift */,
			);
			path = AppCoordinator;
			sourceTree = "<group>";
		};
/* End PBXGroup section */

/* Begin PBXNativeTarget section */
		AD86807E2D74C1AF004C6D13 /* Shoppe */ = {
			isa = PBXNativeTarget;
			buildConfigurationList = AD86808D2D74C1B0004C6D13 /* Build configuration list for PBXNativeTarget "Shoppe" */;
			buildPhases = (
				AD86807B2D74C1AF004C6D13 /* Sources */,
				AD86807C2D74C1AF004C6D13 /* Frameworks */,
				AD86807D2D74C1AF004C6D13 /* Resources */,
			);
			buildRules = (
			);
			dependencies = (
			);
			name = Shoppe;
			packageProductDependencies = (
				ADAB30992D7540EA00D47FFD /* CombineMoya */,
				ADAB309B2D7540EA00D47FFD /* Moya */,
				ADAB309D2D7540EA00D47FFD /* ReactiveMoya */,
				ADAB309F2D7540EA00D47FFD /* RxMoya */,
			);
			productName = Shoppe;
			productReference = AD86807F2D74C1AF004C6D13 /* Shoppe.app */;
			productType = "com.apple.product-type.application";
		};
/* End PBXNativeTarget section */

/* Begin PBXProject section */
		AD8680772D74C1AF004C6D13 /* Project object */ = {
			isa = PBXProject;
			attributes = {
				BuildIndependentTargetsInParallel = 1;
				LastSwiftUpdateCheck = 1600;
				LastUpgradeCheck = 1600;
				TargetAttributes = {
					AD86807E2D74C1AF004C6D13 = {
						CreatedOnToolsVersion = 16.0;
					};
				};
			};
			buildConfigurationList = AD86807A2D74C1AF004C6D13 /* Build configuration list for PBXProject "Shoppe" */;
			compatibilityVersion = "Xcode 13.0";
			developmentRegion = en;
			hasScannedForEncodings = 0;
			knownRegions = (
				en,
				Base,
			);
			mainGroup = AD8680762D74C1AF004C6D13;
			minimizedProjectReferenceProxies = 1;
			packageReferences = (
				ADAB30982D7540EA00D47FFD /* XCRemoteSwiftPackageReference "Moya" */,
			);
			productRefGroup = AD8680802D74C1AF004C6D13 /* Products */;
			projectDirPath = "";
			projectRoot = "";
			targets = (
				AD86807E2D74C1AF004C6D13 /* Shoppe */,
			);
		};
/* End PBXProject section */

/* Begin PBXResourcesBuildPhase section */
		AD86807D2D74C1AF004C6D13 /* Resources */ = {
			isa = PBXResourcesBuildPhase;
			buildActionMask = 2147483647;
			files = (
				AD8680D82D751E28004C6D13 /* Raleway-ExtraBold.ttf in Resources */,
				AD8680F42D7528C9004C6D13 /* NunitoSans-VariableFont_YTLC,opsz,wdth,wght.ttf in Resources */,
				AD8680D22D751DB2004C6D13 /* Raleway-Light.ttf in Resources */,
				AD8680F22D752843004C6D13 /* Inter-VariableFont_opsz,wght.ttf in Resources */,
				ADD726E92D752EEB00B51792 /* Poppins-SemiBold.ttf in Resources */,
				AD8680982D74C1C1004C6D13 /* Preview Assets.xcassets in Resources */,
				AD8680DA2D751E90004C6D13 /* Raleway-Regular.ttf in Resources */,
				ADD726EB2D752EFF00B51792 /* Poppins-Light.ttf in Resources */,
				AD8680D62D751DD6004C6D13 /* Raleway-Medium.ttf in Resources */,
				ADD726ED2D752F0A00B51792 /* Poppins-Regular.ttf in Resources */,
				ADD726E72D752ED500B51792 /* Poppins-Bold.ttf in Resources */,
				AD8680992D74C1C1004C6D13 /* Assets.xcassets in Resources */,
				ADD726EF2D752F1600B51792 /* Poppins-ExtraBold.ttf in Resources */,
				AD8680D42D751DCA004C6D13 /* Raleway-Bold.ttf in Resources */,
				AD8680E12D7520A6004C6D13 /* Poppins-Medium.ttf in Resources */,
				ADD726E42D752CB500B51792 /* Raleway-SemiBold.ttf in Resources */,
			);
			runOnlyForDeploymentPostprocessing = 0;
		};
/* End PBXResourcesBuildPhase section */

/* Begin PBXSourcesBuildPhase section */
		AD86807B2D74C1AF004C6D13 /* Sources */ = {
			isa = PBXSourcesBuildPhase;
			buildActionMask = 2147483647;
			files = (
				AD0F697A2D76D0DF000CF5FB /* CustomButtonView.swift in Sources */,
				ADAB30952D753EBE00D47FFD /* Dependencies.swift in Sources */,
				AD0F696A2D7676FA000CF5FB /* MainCoordinator.swift in Sources */,
				AD0F695B2D76686C000CF5FB /* AuthAssembly.swift in Sources */,
				AD0F69752D768300000CF5FB /* HomeAssembly.swift in Sources */,
				ADAB30A82D75681800D47FFD /* LaunchView.swift in Sources */,
				AD0F69632D7669A6000CF5FB /* SignUpAssembly.swift in Sources */,
				ADAB30A52D75481A00D47FFD /* ModuleContainer.swift in Sources */,
				AD0F695F2D766944000CF5FB /* SignUpView.swift in Sources */,
				ADAB308D2D753B8900D47FFD /* AppCoordinator.swift in Sources */,
				AD0F69712D767AA8000CF5FB /* SignUpViewModel.swift in Sources */,
				AD0F696F2D7679DB000CF5FB /* LoginViewModel.swift in Sources */,
				AD0F69612D76694B000CF5FB /* LoginView.swift in Sources */,
				AD0F69582D7667BC000CF5FB /* AuthCoordinator.swift in Sources */,
				AD0F69652D7669B5000CF5FB /* LoginAssembly.swift in Sources */,
				ADAB30972D753FB700D47FFD /* HTTPClient.swift in Sources */,
				AD0F696D2D7677A3000CF5FB /* HomeView.swift in Sources */,
				AD0F69732D767BA9000CF5FB /* AuthService.swift in Sources */,
				AD0F69772D76838A000CF5FB /* HomeViewModel.swift in Sources */,
				ADD354602D77428A0041449D /* CoordinatorView.swift in Sources */,
				AD8680962D74C1C1004C6D13 /* ContentView.swift in Sources */,
				ADAB30AF2D757DD900D47FFD /* Response.swift in Sources */,
				B506056F2D76139600AA0F4D /* BottomNavigationBar.swift in Sources */,
				ADAB30AA2D75793500D47FFD /* UserDefaultsRepository.swift in Sources */,
				ADAB30AC2D757A0700D47FFD /* Constants.swift in Sources */,
				AD0F69542D766159000CF5FB /* OnboardingAssembly.swift in Sources */,
				ADAB308F2D753C2700D47FFD /* Coordinator.swift in Sources */,
				AD0F694F2D76493B000CF5FB /* LaunchAssembly.swift in Sources */,
				AD0F69682D766B8C000CF5FB /* StartView.swift in Sources */,
				AD8680972D74C1C1004C6D13 /* ShoppeApp.swift in Sources */,
				AD0F69562D76618A000CF5FB /* OnboardingView.swift in Sources */,
				AD8680A22D751C7E004C6D13 /* Font.swift in Sources */,
				AD0F69512D766119000CF5FB /* OnboardingCoordinator.swift in Sources */,
				AD0F694C2D76396C000CF5FB /* AlertController.swift in Sources */,
				B50604F22D75DDFF00AA0F4D /* SearchResultsView.swift in Sources */,
				ADAB30A32D7541A900D47FFD /* ShoppeEndpoint.swift in Sources */,
				ADAB30B12D757E0A00D47FFD /* HTTPError.swift in Sources */,
				ADAB30922D753D9900D47FFD /* LaunchCoordinator.swift in Sources */,
				B50605712D76142F00AA0F4D /* CustomCardView.swift in Sources */,
			);
			runOnlyForDeploymentPostprocessing = 0;
		};
/* End PBXSourcesBuildPhase section */

/* Begin XCBuildConfiguration section */
		AD86808B2D74C1B0004C6D13 /* Debug */ = {
			isa = XCBuildConfiguration;
			buildSettings = {
				ALWAYS_SEARCH_USER_PATHS = NO;
				ASSETCATALOG_COMPILER_GENERATE_SWIFT_ASSET_SYMBOL_EXTENSIONS = YES;
				CLANG_ANALYZER_NONNULL = YES;
				CLANG_ANALYZER_NUMBER_OBJECT_CONVERSION = YES_AGGRESSIVE;
				CLANG_CXX_LANGUAGE_STANDARD = "gnu++20";
				CLANG_ENABLE_MODULES = YES;
				CLANG_ENABLE_OBJC_ARC = YES;
				CLANG_ENABLE_OBJC_WEAK = YES;
				CLANG_WARN_BLOCK_CAPTURE_AUTORELEASING = YES;
				CLANG_WARN_BOOL_CONVERSION = YES;
				CLANG_WARN_COMMA = YES;
				CLANG_WARN_CONSTANT_CONVERSION = YES;
				CLANG_WARN_DEPRECATED_OBJC_IMPLEMENTATIONS = YES;
				CLANG_WARN_DIRECT_OBJC_ISA_USAGE = YES_ERROR;
				CLANG_WARN_DOCUMENTATION_COMMENTS = YES;
				CLANG_WARN_EMPTY_BODY = YES;
				CLANG_WARN_ENUM_CONVERSION = YES;
				CLANG_WARN_INFINITE_RECURSION = YES;
				CLANG_WARN_INT_CONVERSION = YES;
				CLANG_WARN_NON_LITERAL_NULL_CONVERSION = YES;
				CLANG_WARN_OBJC_IMPLICIT_RETAIN_SELF = YES;
				CLANG_WARN_OBJC_LITERAL_CONVERSION = YES;
				CLANG_WARN_OBJC_ROOT_CLASS = YES_ERROR;
				CLANG_WARN_QUOTED_INCLUDE_IN_FRAMEWORK_HEADER = YES;
				CLANG_WARN_RANGE_LOOP_ANALYSIS = YES;
				CLANG_WARN_STRICT_PROTOTYPES = YES;
				CLANG_WARN_SUSPICIOUS_MOVE = YES;
				CLANG_WARN_UNGUARDED_AVAILABILITY = YES_AGGRESSIVE;
				CLANG_WARN_UNREACHABLE_CODE = YES;
				CLANG_WARN__DUPLICATE_METHOD_MATCH = YES;
				COPY_PHASE_STRIP = NO;
				DEBUG_INFORMATION_FORMAT = dwarf;
				ENABLE_STRICT_OBJC_MSGSEND = YES;
				ENABLE_TESTABILITY = YES;
				ENABLE_USER_SCRIPT_SANDBOXING = YES;
				GCC_C_LANGUAGE_STANDARD = gnu17;
				GCC_DYNAMIC_NO_PIC = NO;
				GCC_NO_COMMON_BLOCKS = YES;
				GCC_OPTIMIZATION_LEVEL = 0;
				GCC_PREPROCESSOR_DEFINITIONS = (
					"DEBUG=1",
					"$(inherited)",
				);
				GCC_WARN_64_TO_32_BIT_CONVERSION = YES;
				GCC_WARN_ABOUT_RETURN_TYPE = YES_ERROR;
				GCC_WARN_UNDECLARED_SELECTOR = YES;
				GCC_WARN_UNINITIALIZED_AUTOS = YES_AGGRESSIVE;
				GCC_WARN_UNUSED_FUNCTION = YES;
				GCC_WARN_UNUSED_VARIABLE = YES;
				IPHONEOS_DEPLOYMENT_TARGET = 18.0;
				LOCALIZATION_PREFERS_STRING_CATALOGS = YES;
				MTL_ENABLE_DEBUG_INFO = INCLUDE_SOURCE;
				MTL_FAST_MATH = YES;
				ONLY_ACTIVE_ARCH = YES;
				SDKROOT = iphoneos;
				SWIFT_ACTIVE_COMPILATION_CONDITIONS = "DEBUG $(inherited)";
				SWIFT_OPTIMIZATION_LEVEL = "-Onone";
			};
			name = Debug;
		};
		AD86808C2D74C1B0004C6D13 /* Release */ = {
			isa = XCBuildConfiguration;
			buildSettings = {
				ALWAYS_SEARCH_USER_PATHS = NO;
				ASSETCATALOG_COMPILER_GENERATE_SWIFT_ASSET_SYMBOL_EXTENSIONS = YES;
				CLANG_ANALYZER_NONNULL = YES;
				CLANG_ANALYZER_NUMBER_OBJECT_CONVERSION = YES_AGGRESSIVE;
				CLANG_CXX_LANGUAGE_STANDARD = "gnu++20";
				CLANG_ENABLE_MODULES = YES;
				CLANG_ENABLE_OBJC_ARC = YES;
				CLANG_ENABLE_OBJC_WEAK = YES;
				CLANG_WARN_BLOCK_CAPTURE_AUTORELEASING = YES;
				CLANG_WARN_BOOL_CONVERSION = YES;
				CLANG_WARN_COMMA = YES;
				CLANG_WARN_CONSTANT_CONVERSION = YES;
				CLANG_WARN_DEPRECATED_OBJC_IMPLEMENTATIONS = YES;
				CLANG_WARN_DIRECT_OBJC_ISA_USAGE = YES_ERROR;
				CLANG_WARN_DOCUMENTATION_COMMENTS = YES;
				CLANG_WARN_EMPTY_BODY = YES;
				CLANG_WARN_ENUM_CONVERSION = YES;
				CLANG_WARN_INFINITE_RECURSION = YES;
				CLANG_WARN_INT_CONVERSION = YES;
				CLANG_WARN_NON_LITERAL_NULL_CONVERSION = YES;
				CLANG_WARN_OBJC_IMPLICIT_RETAIN_SELF = YES;
				CLANG_WARN_OBJC_LITERAL_CONVERSION = YES;
				CLANG_WARN_OBJC_ROOT_CLASS = YES_ERROR;
				CLANG_WARN_QUOTED_INCLUDE_IN_FRAMEWORK_HEADER = YES;
				CLANG_WARN_RANGE_LOOP_ANALYSIS = YES;
				CLANG_WARN_STRICT_PROTOTYPES = YES;
				CLANG_WARN_SUSPICIOUS_MOVE = YES;
				CLANG_WARN_UNGUARDED_AVAILABILITY = YES_AGGRESSIVE;
				CLANG_WARN_UNREACHABLE_CODE = YES;
				CLANG_WARN__DUPLICATE_METHOD_MATCH = YES;
				COPY_PHASE_STRIP = NO;
				DEBUG_INFORMATION_FORMAT = "dwarf-with-dsym";
				ENABLE_NS_ASSERTIONS = NO;
				ENABLE_STRICT_OBJC_MSGSEND = YES;
				ENABLE_USER_SCRIPT_SANDBOXING = YES;
				GCC_C_LANGUAGE_STANDARD = gnu17;
				GCC_NO_COMMON_BLOCKS = YES;
				GCC_WARN_64_TO_32_BIT_CONVERSION = YES;
				GCC_WARN_ABOUT_RETURN_TYPE = YES_ERROR;
				GCC_WARN_UNDECLARED_SELECTOR = YES;
				GCC_WARN_UNINITIALIZED_AUTOS = YES_AGGRESSIVE;
				GCC_WARN_UNUSED_FUNCTION = YES;
				GCC_WARN_UNUSED_VARIABLE = YES;
				IPHONEOS_DEPLOYMENT_TARGET = 18.0;
				LOCALIZATION_PREFERS_STRING_CATALOGS = YES;
				MTL_ENABLE_DEBUG_INFO = NO;
				MTL_FAST_MATH = YES;
				SDKROOT = iphoneos;
				SWIFT_COMPILATION_MODE = wholemodule;
				VALIDATE_PRODUCT = YES;
			};
			name = Release;
		};
		AD86808E2D74C1B0004C6D13 /* Debug */ = {
			isa = XCBuildConfiguration;
			buildSettings = {
				ASSETCATALOG_COMPILER_APPICON_NAME = AppIcon;
				ASSETCATALOG_COMPILER_GLOBAL_ACCENT_COLOR_NAME = AccentColor;
				CODE_SIGN_STYLE = Automatic;
				CURRENT_PROJECT_VERSION = 1;
				DEVELOPMENT_ASSET_PATHS = "\"Shoppe/Preview Content\"";
				DEVELOPMENT_TEAM = 793UBL27S2;
				ENABLE_PREVIEWS = YES;
				GENERATE_INFOPLIST_FILE = YES;
				INFOPLIST_FILE = Shoppe/Info.plist;
				INFOPLIST_KEY_UIApplicationSceneManifest_Generation = YES;
				INFOPLIST_KEY_UIApplicationSupportsIndirectInputEvents = YES;
				INFOPLIST_KEY_UILaunchScreen_Generation = YES;
				INFOPLIST_KEY_UISupportedInterfaceOrientations_iPad = "UIInterfaceOrientationPortrait UIInterfaceOrientationPortraitUpsideDown UIInterfaceOrientationLandscapeLeft UIInterfaceOrientationLandscapeRight";
				INFOPLIST_KEY_UISupportedInterfaceOrientations_iPhone = "UIInterfaceOrientationPortrait UIInterfaceOrientationLandscapeLeft UIInterfaceOrientationLandscapeRight";
				IPHONEOS_DEPLOYMENT_TARGET = 16.6;
				LD_RUNPATH_SEARCH_PATHS = (
					"$(inherited)",
					"@executable_path/Frameworks",
				);
				MARKETING_VERSION = 1.0;
				PRODUCT_BUNDLE_IDENTIFIER = team.Shoppe;
				PRODUCT_NAME = "$(TARGET_NAME)";
				SWIFT_EMIT_LOC_STRINGS = YES;
				SWIFT_VERSION = 5.0;
				TARGETED_DEVICE_FAMILY = "1,2";
			};
			name = Debug;
		};
		AD86808F2D74C1B0004C6D13 /* Release */ = {
			isa = XCBuildConfiguration;
			buildSettings = {
				ASSETCATALOG_COMPILER_APPICON_NAME = AppIcon;
				ASSETCATALOG_COMPILER_GLOBAL_ACCENT_COLOR_NAME = AccentColor;
				CODE_SIGN_STYLE = Automatic;
				CURRENT_PROJECT_VERSION = 1;
				DEVELOPMENT_ASSET_PATHS = "\"Shoppe/Preview Content\"";
				DEVELOPMENT_TEAM = 793UBL27S2;
				ENABLE_PREVIEWS = YES;
				GENERATE_INFOPLIST_FILE = YES;
				INFOPLIST_FILE = Shoppe/Info.plist;
				INFOPLIST_KEY_UIApplicationSceneManifest_Generation = YES;
				INFOPLIST_KEY_UIApplicationSupportsIndirectInputEvents = YES;
				INFOPLIST_KEY_UILaunchScreen_Generation = YES;
				INFOPLIST_KEY_UISupportedInterfaceOrientations_iPad = "UIInterfaceOrientationPortrait UIInterfaceOrientationPortraitUpsideDown UIInterfaceOrientationLandscapeLeft UIInterfaceOrientationLandscapeRight";
				INFOPLIST_KEY_UISupportedInterfaceOrientations_iPhone = "UIInterfaceOrientationPortrait UIInterfaceOrientationLandscapeLeft UIInterfaceOrientationLandscapeRight";
				IPHONEOS_DEPLOYMENT_TARGET = 16.6;
				LD_RUNPATH_SEARCH_PATHS = (
					"$(inherited)",
					"@executable_path/Frameworks",
				);
				MARKETING_VERSION = 1.0;
				PRODUCT_BUNDLE_IDENTIFIER = team.Shoppe;
				PRODUCT_NAME = "$(TARGET_NAME)";
				SWIFT_EMIT_LOC_STRINGS = YES;
				SWIFT_VERSION = 5.0;
				TARGETED_DEVICE_FAMILY = "1,2";
			};
			name = Release;
		};
/* End XCBuildConfiguration section */

/* Begin XCConfigurationList section */
		AD86807A2D74C1AF004C6D13 /* Build configuration list for PBXProject "Shoppe" */ = {
			isa = XCConfigurationList;
			buildConfigurations = (
				AD86808B2D74C1B0004C6D13 /* Debug */,
				AD86808C2D74C1B0004C6D13 /* Release */,
			);
			defaultConfigurationIsVisible = 0;
			defaultConfigurationName = Release;
		};
		AD86808D2D74C1B0004C6D13 /* Build configuration list for PBXNativeTarget "Shoppe" */ = {
			isa = XCConfigurationList;
			buildConfigurations = (
				AD86808E2D74C1B0004C6D13 /* Debug */,
				AD86808F2D74C1B0004C6D13 /* Release */,
			);
			defaultConfigurationIsVisible = 0;
			defaultConfigurationName = Release;
		};
/* End XCConfigurationList section */

/* Begin XCRemoteSwiftPackageReference section */
		ADAB30982D7540EA00D47FFD /* XCRemoteSwiftPackageReference "Moya" */ = {
			isa = XCRemoteSwiftPackageReference;
			repositoryURL = "https://github.com/Moya/Moya#installation";
			requirement = {
				kind = upToNextMajorVersion;
				minimumVersion = 15.0.3;
			};
		};
/* End XCRemoteSwiftPackageReference section */

/* Begin XCSwiftPackageProductDependency section */
		ADAB30992D7540EA00D47FFD /* CombineMoya */ = {
			isa = XCSwiftPackageProductDependency;
			package = ADAB30982D7540EA00D47FFD /* XCRemoteSwiftPackageReference "Moya" */;
			productName = CombineMoya;
		};
		ADAB309B2D7540EA00D47FFD /* Moya */ = {
			isa = XCSwiftPackageProductDependency;
			package = ADAB30982D7540EA00D47FFD /* XCRemoteSwiftPackageReference "Moya" */;
			productName = Moya;
		};
		ADAB309D2D7540EA00D47FFD /* ReactiveMoya */ = {
			isa = XCSwiftPackageProductDependency;
			package = ADAB30982D7540EA00D47FFD /* XCRemoteSwiftPackageReference "Moya" */;
			productName = ReactiveMoya;
		};
		ADAB309F2D7540EA00D47FFD /* RxMoya */ = {
			isa = XCSwiftPackageProductDependency;
			package = ADAB30982D7540EA00D47FFD /* XCRemoteSwiftPackageReference "Moya" */;
			productName = RxMoya;
		};
/* End XCSwiftPackageProductDependency section */
	};
	rootObject = AD8680772D74C1AF004C6D13 /* Project object */;
}
